
Microsoft Visual Studio Solution File, Format Version 12.00
# Visual Studio 15
VisualStudioVersion = 15.0.28307.489
MinimumVisualStudioVersion = 10.0.40219.1
Project("{FAE04EC0-301F-11D3-BF4B-00C04F79EFBC}") = "Zerex.Framework.Client", "Zerex.Framework.Client\Zerex.Framework.Client.csproj", "{FE14C5F7-E412-482B-9C17-CB530C5CA8F6}"
EndProject
Global
	GlobalSection(SolutionConfigurationPlatforms) = preSolution
		Debug|Any CPU = Debug|Any CPU
		Release|Any CPU = Release|Any CPU
	EndGlobalSection
	GlobalSection(ProjectConfigurationPlatforms) = postSolution
		{FE14C5F7-E412-482B-9C17-CB530C5CA8F6}.Debug|Any CPU.ActiveCfg = Debug|Any CPU
		{FE14C5F7-E412-482B-9C17-CB530C5CA8F6}.Debug|Any CPU.Build.0 = Debug|Any CPU
		{FE14C5F7-E412-482B-9C17-CB530C5CA8F6}.Release|Any CPU.ActiveCfg = Release|Any CPU
		{FE14C5F7-E412-482B-9C17-CB530C5CA8F6}.Release|Any CPU.Build.0 = Release|Any CPU
	EndGlobalSection
	GlobalSection(SolutionProperties) = preSolution
		HideSolutionNode = FALSE
	EndGlobalSection
	GlobalSection(ExtensibilityGlobals) = postSolution
		SolutionGuid = {A057E883-D234-44F4-989F-F46890B65456}
	EndGlobalSection
EndGlobal
